{
  "name": "ab-req",
  "version": "1.0.0",
  "lockfileVersion": 1,
  "requires": true,
  "dependencies": {
    "agent-base": {
      "version": "4.3.0",
      "resolved": "https://registry.npmjs.org/agent-base/-/agent-base-4.3.0.tgz",
      "integrity": "sha512-salcGninV0nPrwpGNn4VTXBb1SOuXQBiqbrNXoeizJsHrsL6ERFM2Ne3JUSBWRE6aeNJI2ROP/WEEIDUiDe3cg==",
      "requires": {
        "es6-promisify": "^5.0.0"
      }
    },
    "agentkeepalive": {
      "version": "2.2.0",
      "resolved": "https://registry.npmjs.org/agentkeepalive/-/agentkeepalive-2.2.0.tgz",
      "integrity": "sha1-xdG9SxKQCPEWPyNvhuX66iAm4u8="
    },
    "ansi-regex": {
      "version": "3.0.0",
      "resolved": "https://registry.npmjs.org/ansi-regex/-/ansi-regex-3.0.0.tgz",
      "integrity": "sha1-7QMXwyIGT3lGbAKWa922Bas32Zg="
    },
    "axios": {
      "version": "0.19.0",
      "resolved": "https://registry.npmjs.org/axios/-/axios-0.19.0.tgz",
      "integrity": "sha512-1uvKqKQta3KBxIz14F2v06AEHZ/dIoeKfbTRkK1E5oqjDnuEerLmYTgJB5AiQZHJcljpg1TuRzdjDR06qNk0DQ==",
      "requires": {
        "follow-redirects": "1.5.10",
        "is-buffer": "^2.0.2"
      }
    },
    "axios-concurrency": {
      "version": "1.0.3",
      "resolved": "https://registry.npmjs.org/axios-concurrency/-/axios-concurrency-1.0.3.tgz",
      "integrity": "sha512-I4ipGFHo2MQBrxbusuG7smx1hsEklxCQGuKWvyak8+g9StBKjqucGrj9Xsn5nemt6dtc7KdqmZm8e6TvKxThHg==",
      "requires": {
        "axios": "^0.19.0"
      }
    },
    "clear": {
      "version": "0.1.0",
      "resolved": "https://registry.npmjs.org/clear/-/clear-0.1.0.tgz",
      "integrity": "sha512-qMjRnoL+JDPJHeLePZJuao6+8orzHMGP04A8CdwCNsKhRbOnKRjefxONR7bwILT3MHecxKBjHkKL/tkZ8r4Uzw=="
    },
    "cli-clear": {
      "version": "1.0.4",
      "resolved": "https://registry.npmjs.org/cli-clear/-/cli-clear-1.0.4.tgz",
      "integrity": "sha1-Qs8wUvJbcGg4b7fbrugtU0tkyJk=",
      "dev": true
    },
    "cli-cursor": {
      "version": "3.1.0",
      "resolved": "https://registry.npmjs.org/cli-cursor/-/cli-cursor-3.1.0.tgz",
      "integrity": "sha512-I/zHAwsKf9FqGoXM4WWRACob9+SNukZTd94DWF57E4toouRulbCxcUh6RKUEOQlYTHJnzkPMySvPNaaSLNfLZw==",
      "requires": {
        "restore-cursor": "^3.1.0"
      }
    },
    "cli-table3": {
      "version": "0.5.1",
      "resolved": "https://registry.npmjs.org/cli-table3/-/cli-table3-0.5.1.tgz",
      "integrity": "sha512-7Qg2Jrep1S/+Q3EceiZtQcDPWxhAvBw+ERf1162v4sikJrvojMHFqXt8QIVha8UlH9rgU0BeWPytZ9/TzYqlUw==",
      "requires": {
        "colors": "^1.1.2",
        "object-assign": "^4.1.0",
        "string-width": "^2.1.1"
      },
      "dependencies": {
        "colors": {
          "version": "1.4.0",
          "resolved": "https://registry.npmjs.org/colors/-/colors-1.4.0.tgz",
          "integrity": "sha512-a+UqTh4kgZg/SlGvfbzDHpgRu7AAQOmmqRHJnxhRZICKFUT91brVhNNt58CMWU9PsBbv3PDCZUHbVxuDiH2mtA==",
          "optional": true
        }
      }
    },
    "debug": {
      "version": "3.1.0",
      "resolved": "https://registry.npmjs.org/debug/-/debug-3.1.0.tgz",
      "integrity": "sha512-OX8XqP7/1a9cqkxYw2yXss15f26NKWBpDXQd0/uK/KPqdQhxbPa994hnzjcE2VqQpDslf55723cKPUOGSmMY3g==",
      "requires": {
        "ms": "2.0.0"
      }
    },
    "es6-promise": {
      "version": "4.2.8",
      "resolved": "https://registry.npmjs.org/es6-promise/-/es6-promise-4.2.8.tgz",
      "integrity": "sha512-HJDGx5daxeIvxdBxvG2cb9g4tEvwIk3i8+nhX0yGrYmZUzbkdg8QbDevheDB8gd0//uPj4c1EQua8Q+MViT0/w=="
    },
    "es6-promisify": {
      "version": "5.0.0",
      "resolved": "https://registry.npmjs.org/es6-promisify/-/es6-promisify-5.0.0.tgz",
      "integrity": "sha1-UQnWLz5W6pZ8S2NQWu8IKRyKUgM=",
      "requires": {
        "es6-promise": "^4.0.3"
      }
    },
    "follow-redirects": {
      "version": "1.5.10",
      "resolved": "https://registry.npmjs.org/follow-redirects/-/follow-redirects-1.5.10.tgz",
      "integrity": "sha512-0V5l4Cizzvqt5D44aTXbFZz+FtyXV1vrDN6qrelxtfYQKW0KO0W2T/hkE8xvGa/540LkZlkaUjO4ailYTFtHVQ==",
      "requires": {
        "debug": "=3.1.0"
      }
    },
    "https-proxy-agent": {
      "version": "2.2.2",
      "resolved": "https://registry.npmjs.org/https-proxy-agent/-/https-proxy-agent-2.2.2.tgz",
      "integrity": "sha512-c8Ndjc9Bkpfx/vCJueCPy0jlP4ccCCSNDp8xwCZzPjKJUm+B+u9WX2x98Qx4n1PiMNTWo3D7KK5ifNV/yJyRzg==",
      "requires": {
        "agent-base": "^4.3.0",
        "debug": "^3.1.0"
      }
    },
    "is-buffer": {
      "version": "2.0.4",
      "resolved": "https://registry.npmjs.org/is-buffer/-/is-buffer-2.0.4.tgz",
      "integrity": "sha512-Kq1rokWXOPXWuaMAqZiJW4XxsmD9zGx9q4aePabbn3qCRGedtH7Cm+zV8WETitMfu1wdh+Rvd6w5egwSngUX2A=="
    },
    "is-fullwidth-code-point": {
      "version": "2.0.0",
      "resolved": "https://registry.npmjs.org/is-fullwidth-code-point/-/is-fullwidth-code-point-2.0.0.tgz",
      "integrity": "sha1-o7MKXE8ZkYMWeqq5O+764937ZU8="
    },
    "is-typedarray": {
      "version": "1.0.0",
      "resolved": "https://registry.npmjs.org/is-typedarray/-/is-typedarray-1.0.0.tgz",
      "integrity": "sha1-5HnICFjfDBsR3dppQPlgEfzaSpo="
    },
    "loadtest": {
      "version": "3.0.8",
      "resolved": "https://registry.npmjs.org/loadtest/-/loadtest-3.0.8.tgz",
      "integrity": "sha512-GHfhNn1Zvy8YajMhwJdr70FnnTVJlczyKt+Q1BekUqR3Id0mT0OBwSymOvzMKCPnJcXQPH9YW5YzOw/aPmY0uA==",
      "requires": {
        "agentkeepalive": "^2.0.3",
        "https-proxy-agent": "^2.2.1",
        "log": "1.4.*",
        "prototypes": ">= 0.4.3",
        "stdio": "^0.2.3",
        "testing": "^1.1.1",
        "websocket": "^1.0.28"
      }
    },
    "log": {
      "version": "1.4.0",
      "resolved": "https://registry.npmjs.org/log/-/log-1.4.0.tgz",
      "integrity": "sha1-S6HYkP3iSbAx3KA7w36q8yVlbxw="
    },
    "mimic-fn": {
      "version": "2.1.0",
      "resolved": "https://registry.npmjs.org/mimic-fn/-/mimic-fn-2.1.0.tgz",
      "integrity": "sha512-OqbOk5oEQeAZ8WXWydlu9HJjz9WVdEIvamMCcXmuqUYjTknH/sqsWvhQ3vgwKFRR1HpjvNBKQ37nbJgYzGqGcg=="
    },
    "ms": {
      "version": "2.0.0",
      "resolved": "https://registry.npmjs.org/ms/-/ms-2.0.0.tgz",
      "integrity": "sha1-VgiurfwAvmwpAd9fmGF4jeDVl8g="
    },
    "nan": {
      "version": "2.14.0",
      "resolved": "https://registry.npmjs.org/nan/-/nan-2.14.0.tgz",
      "integrity": "sha512-INOFj37C7k3AfaNTtX8RhsTw7qRy7eLET14cROi9+5HAVbbHuIWUHEauBv5qT4Av2tWasiTY1Jw6puUNqRJXQg=="
    },
    "object-assign": {
      "version": "4.1.1",
      "resolved": "https://registry.npmjs.org/object-assign/-/object-assign-4.1.1.tgz",
      "integrity": "sha1-IQmtx5ZYh8/AXLvUQsrIv7s2CGM="
    },
    "onetime": {
      "version": "5.1.0",
      "resolved": "https://registry.npmjs.org/onetime/-/onetime-5.1.0.tgz",
      "integrity": "sha512-5NcSkPHhwTVFIQN+TUqXoS5+dlElHXdpAWu9I0HP20YOtIi+aZ0Ct82jdlILDxjLEAWwvm+qj1m6aEtsDVmm6Q==",
      "requires": {
        "mimic-fn": "^2.1.0"
      }
    },
    "prototypes": {
      "version": "2.3.5",
      "resolved": "https://registry.npmjs.org/prototypes/-/prototypes-2.3.5.tgz",
      "integrity": "sha512-Nci0TWpCnv5RBbQSW4XpA5MPVljlRX9Q9uDNyxmzsoWBX4pQ/X2pDo3HC7ks3ksmEmeetZDRPPE3kwWb46vDpw=="
    },
    "restore-cursor": {
      "version": "3.1.0",
      "resolved": "https://registry.npmjs.org/restore-cursor/-/restore-cursor-3.1.0.tgz",
      "integrity": "sha512-l+sSefzHpj5qimhFSE5a8nufZYAM3sBSVMAPtYkmC+4EH2anSGaEMXSD0izRQbu9nfyQ9y5JrVmp7E8oZrUjvA==",
      "requires": {
        "onetime": "^5.1.0",
        "signal-exit": "^3.0.2"
      }
    },
    "signal-exit": {
      "version": "3.0.2",
      "resolved": "https://registry.npmjs.org/signal-exit/-/signal-exit-3.0.2.tgz",
      "integrity": "sha1-tf3AjxKH6hF4Yo5BXiUTK3NkbG0="
    },
    "stdio": {
      "version": "0.2.7",
      "resolved": "https://registry.npmjs.org/stdio/-/stdio-0.2.7.tgz",
      "integrity": "sha1-ocV9oQ/hz6oMO/aDydB0PRtmCDk="
    },
    "string-width": {
      "version": "2.1.1",
      "resolved": "https://registry.npmjs.org/string-width/-/string-width-2.1.1.tgz",
      "integrity": "sha512-nOqH59deCq9SRHlxq1Aw85Jnt4w6KvLKqWVik6oA9ZklXLNIOlqg4F2yrT1MVaTjAqvVwdfeZ7w7aCvJD7ugkw==",
      "requires": {
        "is-fullwidth-code-point": "^2.0.0",
        "strip-ansi": "^4.0.0"
      }
    },
    "strip-ansi": {
      "version": "4.0.0",
      "resolved": "https://registry.npmjs.org/strip-ansi/-/strip-ansi-4.0.0.tgz",
      "integrity": "sha1-qEeQIusaw2iocTibY1JixQXuNo8=",
      "requires": {
        "ansi-regex": "^3.0.0"
      }
    },
    "testing": {
      "version": "1.1.2",
      "resolved": "https://registry.npmjs.org/testing/-/testing-1.1.2.tgz",
      "integrity": "sha512-+wHrDL29KsI3NQtgGmgdZ/MaUZhnVePbt5ZfiMn6ntDpv/kMWfdiBrg/lJqntor9H8+zQYxvfPLVowPPs1nVEg==",
      "requires": {
        "log": "1.4.0"
      }
    },
    "typedarray-to-buffer": {
      "version": "3.1.5",
      "resolved": "https://registry.npmjs.org/typedarray-to-buffer/-/typedarray-to-buffer-3.1.5.tgz",
      "integrity": "sha512-zdu8XMNEDepKKR+XYOXAVPtWui0ly0NtohUscw+UmaHiAWT8hrV1rr//H6V+0DvJ3OQ19S979M0laLfX8rm82Q==",
      "requires": {
        "is-typedarray": "^1.0.0"
      }
    },
    "websocket": {
      "version": "1.0.30",
      "resolved": "https://registry.npmjs.org/websocket/-/websocket-1.0.30.tgz",
      "integrity": "sha512-aO6klgaTdSMkhfl5VVJzD5fm+Srhh5jLYbS15+OiI1sN6h/RU/XW6WN9J1uVIpUKNmsTvT3Hs35XAFjn9NMfOw==",
      "requires": {
        "debug": "^2.2.0",
        "nan": "^2.14.0",
        "typedarray-to-buffer": "^3.1.5",
        "yaeti": "^0.0.6"
      },
      "dependencies": {
        "debug": {
          "version": "2.6.9",
          "resolved": "https://registry.npmjs.org/debug/-/debug-2.6.9.tgz",
          "integrity": "sha512-bC7ElrdJaJnPbAP+1EotYvqZsb3ecl5wi6Bfi6BJTUcNowp6cvspg0jXznRTKDjm/E7AdgFBVeAPVMNcKGsHMA==",
          "requires": {
            "ms": "2.0.0"
          }
        }
      }
    },
    "yaeti": {
      "version": "0.0.6",
      "resolved": "https://registry.npmjs.org/yaeti/-/yaeti-0.0.6.tgz",
      "integrity": "sha1-8m9ITXJoTPQr7ft2lwqhYI+/lXc="
    }
  }
}
